
Microsoft Visual Studio Solution File, Format Version 12.00
# Visual Studio Version 17
VisualStudioVersion = 17.1.32228.430
MinimumVisualStudioVersion = 10.0.40219.1
Project("{FAE04EC0-301F-11D3-BF4B-00C04F79EFBC}") = "LoguiSueldo", "LoguiSueldo\LoguiSueldo.csproj", "{B5043FD3-C54C-458A-8235-BF80D20E9095}"
EndProject
Global
	GlobalSection(SolutionConfigurationPlatforms) = preSolution
		Debug|Any CPU = Debug|Any CPU
		Release|Any CPU = Release|Any CPU
	EndGlobalSection
	GlobalSection(ProjectConfigurationPlatforms) = postSolution
		{B5043FD3-C54C-458A-8235-BF80D20E9095}.Debug|Any CPU.ActiveCfg = Debug|Any CPU
		{B5043FD3-C54C-458A-8235-BF80D20E9095}.Debug|Any CPU.Build.0 = Debug|Any CPU
		{B5043FD3-C54C-458A-8235-BF80D20E9095}.Release|Any CPU.ActiveCfg = Release|Any CPU
		{B5043FD3-C54C-458A-8235-BF80D20E9095}.Release|Any CPU.Build.0 = Release|Any CPU
	EndGlobalSection
	GlobalSection(SolutionProperties) = preSolution
		HideSolutionNode = FALSE
	EndGlobalSection
	GlobalSection(ExtensibilityGlobals) = postSolution
		SolutionGuid = {EE7D291F-6D45-4948-BFC2-FBA06173148D}
	EndGlobalSection
EndGlobal
